
Microsoft Visual Studio Solution File, Format Version 12.00
# Visual Studio Version 17
VisualStudioVersion = 17.0.31903.59
MinimumVisualStudioVersion = 10.0.40219.1
Project("{9A19103F-16F7-4668-BE54-9A1E7A4F7556}") = "TestConsole", "TestConsole\TestConsole.csproj", "{1CD7C51B-C3BF-4EC9-A4E9-DB07F8F085AB}"
EndProject
Project("{9A19103F-16F7-4668-BE54-9A1E7A4F7556}") = "TestWebApp", "TestWebApp\TestWebApp.csproj", "{AC8590B4-0696-4C73-A9F0-7DE1AE677F79}"
EndProject
Project("{9A19103F-16F7-4668-BE54-9A1E7A4F7556}") = "TestWebApi", "testwebapi\TestWebApi.csproj", "{D0747D05-E2F2-4115-B60A-346658AD597C}"
EndProject
Project("{9A19103F-16F7-4668-BE54-9A1E7A4F7556}") = "TestXUnit", "TestXUnit\TestXUnit.csproj", "{80732802-2AE1-4D8F-B933-77C740268752}"
EndProject
Project("{D954291E-2A0B-460D-934E-DC6B0785DB48}") = "TestShared", "TestShared\TestShared.shproj", "{64B42026-53CC-453C-A0E8-53DA1EE644D8}"
EndProject
Project("{9A19103F-16F7-4668-BE54-9A1E7A4F7556}") = "TestMSTest", "TestMSTest\TestMSTest.csproj", "{2AB41665-C2B5-44E3-9D25-A170B0E4AC9F}"
EndProject
Project("{9A19103F-16F7-4668-BE54-9A1E7A4F7556}") = "TestNUnit", "TestNUnit\TestNUnit.csproj", "{E3B389E7-F8D2-470E-B11F-D4277D7A4E90}"
EndProject
Project("{9A19103F-16F7-4668-BE54-9A1E7A4F7556}") = "TestBlazorServer", "TestBlazorServer\TestBlazorServer.csproj", "{DB9505BF-A6A7-44CB-99D7-4E25172003A1}"
EndProject
Project("{9A19103F-16F7-4668-BE54-9A1E7A4F7556}") = "TestBUnit", "Testbunit\TestBUnit.csproj", "{5C68B553-10A6-41D8-957E-91E57F3E5532}"
EndProject
Project("{FAE04EC0-301F-11D3-BF4B-00C04F79EFBC}") = "TestClassLib", "TestClassLib\TestClassLib.csproj", "{537847DC-D224-443E-9DF7-E05DB69A6C85}"
EndProject
Global
	GlobalSection(SolutionConfigurationPlatforms) = preSolution
		Debug|Any CPU = Debug|Any CPU
		Release|Any CPU = Release|Any CPU
	EndGlobalSection
	GlobalSection(ProjectConfigurationPlatforms) = postSolution
		{1CD7C51B-C3BF-4EC9-A4E9-DB07F8F085AB}.Debug|Any CPU.ActiveCfg = Debug|Any CPU
		{1CD7C51B-C3BF-4EC9-A4E9-DB07F8F085AB}.Debug|Any CPU.Build.0 = Debug|Any CPU
		{1CD7C51B-C3BF-4EC9-A4E9-DB07F8F085AB}.Release|Any CPU.ActiveCfg = Release|Any CPU
		{1CD7C51B-C3BF-4EC9-A4E9-DB07F8F085AB}.Release|Any CPU.Build.0 = Release|Any CPU
		{AC8590B4-0696-4C73-A9F0-7DE1AE677F79}.Debug|Any CPU.ActiveCfg = Debug|Any CPU
		{AC8590B4-0696-4C73-A9F0-7DE1AE677F79}.Debug|Any CPU.Build.0 = Debug|Any CPU
		{AC8590B4-0696-4C73-A9F0-7DE1AE677F79}.Release|Any CPU.ActiveCfg = Release|Any CPU
		{AC8590B4-0696-4C73-A9F0-7DE1AE677F79}.Release|Any CPU.Build.0 = Release|Any CPU
		{D0747D05-E2F2-4115-B60A-346658AD597C}.Debug|Any CPU.ActiveCfg = Debug|Any CPU
		{D0747D05-E2F2-4115-B60A-346658AD597C}.Debug|Any CPU.Build.0 = Debug|Any CPU
		{D0747D05-E2F2-4115-B60A-346658AD597C}.Release|Any CPU.ActiveCfg = Release|Any CPU
		{D0747D05-E2F2-4115-B60A-346658AD597C}.Release|Any CPU.Build.0 = Release|Any CPU
		{80732802-2AE1-4D8F-B933-77C740268752}.Debug|Any CPU.ActiveCfg = Debug|Any CPU
		{80732802-2AE1-4D8F-B933-77C740268752}.Debug|Any CPU.Build.0 = Debug|Any CPU
		{80732802-2AE1-4D8F-B933-77C740268752}.Release|Any CPU.ActiveCfg = Release|Any CPU
		{80732802-2AE1-4D8F-B933-77C740268752}.Release|Any CPU.Build.0 = Release|Any CPU
		{2AB41665-C2B5-44E3-9D25-A170B0E4AC9F}.Debug|Any CPU.ActiveCfg = Debug|Any CPU
		{2AB41665-C2B5-44E3-9D25-A170B0E4AC9F}.Debug|Any CPU.Build.0 = Debug|Any CPU
		{2AB41665-C2B5-44E3-9D25-A170B0E4AC9F}.Release|Any CPU.ActiveCfg = Release|Any CPU
		{2AB41665-C2B5-44E3-9D25-A170B0E4AC9F}.Release|Any CPU.Build.0 = Release|Any CPU
		{E3B389E7-F8D2-470E-B11F-D4277D7A4E90}.Debug|Any CPU.ActiveCfg = Debug|Any CPU
		{E3B389E7-F8D2-470E-B11F-D4277D7A4E90}.Debug|Any CPU.Build.0 = Debug|Any CPU
		{E3B389E7-F8D2-470E-B11F-D4277D7A4E90}.Release|Any CPU.ActiveCfg = Release|Any CPU
		{E3B389E7-F8D2-470E-B11F-D4277D7A4E90}.Release|Any CPU.Build.0 = Release|Any CPU
		{DB9505BF-A6A7-44CB-99D7-4E25172003A1}.Debug|Any CPU.ActiveCfg = Debug|Any CPU
		{DB9505BF-A6A7-44CB-99D7-4E25172003A1}.Debug|Any CPU.Build.0 = Debug|Any CPU
		{DB9505BF-A6A7-44CB-99D7-4E25172003A1}.Release|Any CPU.ActiveCfg = Release|Any CPU
		{DB9505BF-A6A7-44CB-99D7-4E25172003A1}.Release|Any CPU.Build.0 = Release|Any CPU
		{5C68B553-10A6-41D8-957E-91E57F3E5532}.Debug|Any CPU.ActiveCfg = Debug|Any CPU
		{5C68B553-10A6-41D8-957E-91E57F3E5532}.Debug|Any CPU.Build.0 = Debug|Any CPU
		{5C68B553-10A6-41D8-957E-91E57F3E5532}.Release|Any CPU.ActiveCfg = Release|Any CPU
		{5C68B553-10A6-41D8-957E-91E57F3E5532}.Release|Any CPU.Build.0 = Release|Any CPU
		{537847DC-D224-443E-9DF7-E05DB69A6C85}.Debug|Any CPU.ActiveCfg = Debug|Any CPU
		{537847DC-D224-443E-9DF7-E05DB69A6C85}.Debug|Any CPU.Build.0 = Debug|Any CPU
		{537847DC-D224-443E-9DF7-E05DB69A6C85}.Release|Any CPU.ActiveCfg = Release|Any CPU
		{537847DC-D224-443E-9DF7-E05DB69A6C85}.Release|Any CPU.Build.0 = Release|Any CPU
	EndGlobalSection
	GlobalSection(SolutionProperties) = preSolution
		HideSolutionNode = FALSE
	EndGlobalSection
	GlobalSection(ExtensibilityGlobals) = postSolution
		SolutionGuid = {7B115E98-F66F-4A3A-AFA1-A17238A3D45C}
	EndGlobalSection
	GlobalSection(SharedMSBuildProjectFiles) = preSolution
		TestShared\TestShared.projitems*{537847dc-d224-443e-9df7-e05db69a6c85}*SharedItemsImports = 5
		TestShared\TestShared.projitems*{64b42026-53cc-453c-a0e8-53da1ee644d8}*SharedItemsImports = 13
	EndGlobalSection
EndGlobal
